github.com/medant81/myformat v1.0.0 h1:hF5wNe2Q5oVVNmfhzRdJPDc7XXU0FAA1syH5jLuUHd8=
github.com/medant81/myformat v1.0.0/go.mod h1:ih8d2E2dOh/U/V/YXcqmmRSROVVmRJrDv3FRBDbkwsg=
github.com/medant81/myformat v1.1.0 h1:xFS4/lx2CG9DXboeouDbHM3KCdrLWqJA3QwuuTO7gik=
github.com/medant81/myformat v1.1.0/go.mod h1:ih8d2E2dOh/U/V/YXcqmmRSROVVmRJrDv3FRBDbkwsg=
github.com/medant81/myformat/v2 v2.0.0 h1:lXiLmP3rITXUQVtAh9tuEVv5uA0yBTPA0/uJ0Pp1MT8=
github.com/medant81/myformat/v2 v2.0.0/go.mod h1:bYUALE7IHjsmG3r0gfoDPzBC9HE0STGYbsMAVgx8ywI=
github.com/medant81/myformat/v2 v2.1.0 h1:rNu5MmlYTJj5SXyEA7N8b6C8FgyRltgADx7DqZ3i9DE=
github.com/medant81/myformat/v2 v2.1.0/go.mod h1:bYUALE7IHjsmG3r0gfoDPzBC9HE0STGYbsMAVgx8ywI=
github.com/medant81/mytest v1.1.0 h1:cDXKGA99CeZIBzwjtZmf62aEeo2g4Z4/ksCJ9JY81Oc=
github.com/medant81/mytest v1.1.0/go.mod h1:M6JadBM/ORWeGtLqQDELfsg09yz+vfo5DqfFaDT0naY=
github.com/medant81/mytest/v2 v2.0.0 h1:OwTuryU8V2wcO1Q60HQCHK5Jmniq6tWJ5nLWoK15o94=
github.com/medant81/mytest/v2 v2.0.0/go.mod h1:6oJdqOrZ/UYgK1LIcuZ1tCd0rSRtNVdgUzP71D4Y8Gw=
