github.com/medant81/hello v1.0.0 h1:yLRG5aLO7vgQNfXa6zWl/9qamD5rNj18BHl5iAVCs9o=
github.com/medant81/hello v1.0.0/go.mod h1:RHXC5lSa3e6fLfh5+snd8dntVOoYnQwRrr5Vot8pDBY=
github.com/medant81/hello v1.1.0 h1:ifwx/hqZ/+gIs4mwKYkcJi4mft5x7rIRS5N8RhZFVzo=
github.com/medant81/hello v1.1.0/go.mod h1:RHXC5lSa3e6fLfh5+snd8dntVOoYnQwRrr5Vot8pDBY=
github.com/medant81/hello_new v1.1.1 h1:IvJlEN9cxcn4kiKKqGosCHYA9VP2iNKtgi/o3UOmig0=
github.com/medant81/hello_new v1.1.1/go.mod h1:HUwhejeZqH2ttkIXhqAe+tcDuVRU/encr2r/KF0Og8A=
github.com/medant81/hello_old v1.1.1 h1:t3ebEv0nYqPr9e0vgeImrxf4AA2680tdsAb36bGDs/c=
github.com/medant81/hello_old v1.1.1/go.mod h1:r2sEI5kE44yEwDMBbsqof5EvOV0ZJb4a7Wz9/iKtsH0=
